{
  "originHash" : "32356e6bf38abe56867cc8a11edfa8405af90f1b5e19969f40e93b6edb52996b",
  "pins" : [
    {
      "identity" : "aexml",
      "kind" : "remoteSourceControl",
      "location" : "https://github.com/tadija/AEXML.git",
      "state" : {
        "revision" : "db806756c989760b35108146381535aec231092b",
        "version" : "4.7.0"
      }
    },
    {
      "identity" : "apikit",
      "kind" : "remoteSourceControl",
      "location" : "https://github.com/ishkawa/APIKit.git",
      "state" : {
        "revision" : "b839e53b870104798035b279d2a6168b0a2227b1",
        "version" : "5.4.0"
      }
    },
    {
      "identity" : "heliumlogger",
      "kind" : "remoteSourceControl",
      "location" : "https://github.com/Kitura/HeliumLogger.git",
      "state" : {
        "revision" : "fc2a71597ae974da5282d751bcc11965964bccce",
        "version" : "2.0.0"
      }
    },
    {
      "identity" : "jsonutilities",
      "kind" : "remoteSourceControl",
      "location" : "https://github.com/yonaskolb/JSONUtilities.git",
      "state" : {
        "revision" : "128d2ffc22467f69569ef8ff971683e2393191a0",
        "version" : "4.2.0"
      }
    },
    {
      "identity" : "licenseplist",
      "kind" : "remoteSourceControl",
      "location" : "https://github.com/mono0926/LicensePlist.git",
      "state" : {
        "revision" : "d66dd02655edf264aa0647897decab7f82a869ea",
        "version" : "3.27.2"
      }
    },
    {
      "identity" : "loggerapi",
      "kind" : "remoteSourceControl",
      "location" : "https://github.com/Kitura/LoggerAPI.git",
      "state" : {
        "revision" : "4e6b45e850ffa275e8e26a24c6454fd709d5b6ac",
        "version" : "2.0.0"
      }
    },
    {
      "identity" : "pathkit",
      "kind" : "remoteSourceControl",
      "location" : "https://github.com/kylef/PathKit.git",
      "state" : {
        "revision" : "3bfd2737b700b9a36565a8c94f4ad2b050a5e574",
        "version" : "1.0.1"
      }
    },
    {
      "identity" : "rainbow",
      "kind" : "remoteSourceControl",
      "location" : "https://github.com/onevcat/Rainbow.git",
      "state" : {
        "revision" : "cdf146ae671b2624917648b61c908d1244b98ca1",
        "version" : "4.2.1"
      }
    },
    {
      "identity" : "spectre",
      "kind" : "remoteSourceControl",
      "location" : "https://github.com/kylef/Spectre.git",
      "state" : {
        "revision" : "26cc5e9ae0947092c7139ef7ba612e34646086c7",
        "version" : "0.10.1"
      }
    },
    {
      "identity" : "swift-argument-parser",
      "kind" : "remoteSourceControl",
      "location" : "https://github.com/apple/swift-argument-parser.git",
      "state" : {
        "revision" : "626b5b7b2f45e1b0b1c6f4a309296d1d21d7311b",
        "version" : "1.7.1"
      }
    },
    {
      "identity" : "swift-cmark",
      "kind" : "remoteSourceControl",
      "location" : "https://github.com/swiftlang/swift-cmark.git",
      "state" : {
        "revision" : "5d9bdaa4228b381639fff09403e39a04926e2dbe",
        "version" : "0.7.1"
      }
    },
    {
      "identity" : "swift-format",
      "kind" : "remoteSourceControl",
      "location" : "https://github.com/apple/swift-format.git",
      "state" : {
        "revision" : "62eaad2822b865407b8cde56c36386c00800f7ec",
        "version" : "602.0.0"
      }
    },
    {
      "identity" : "swift-html-entities",
      "kind" : "remoteSourceControl",
      "location" : "https://github.com/Kitura/swift-html-entities.git",
      "state" : {
        "revision" : "d8ca73197f59ce260c71bd6d7f6eb8bbdccf508b",
        "version" : "4.0.1"
      }
    },
    {
      "identity" : "swift-log",
      "kind" : "remoteSourceControl",
      "location" : "https://github.com/apple/swift-log.git",
      "state" : {
        "revision" : "bbd81b6725ae874c69e9b8c8804d462356b55523",
        "version" : "1.10.1"
      }
    },
    {
      "identity" : "swift-markdown",
      "kind" : "remoteSourceControl",
      "location" : "https://github.com/apple/swift-markdown.git",
      "state" : {
        "revision" : "7d9a5ce307528578dfa777d505496bd5f544ad94",
        "version" : "0.7.3"
      }
    },
    {
      "identity" : "swift-syntax",
      "kind" : "remoteSourceControl",
      "location" : "https://github.com/swiftlang/swift-syntax.git",
      "state" : {
        "revision" : "4799286537280063c85a32f09884cfbca301b1a1",
        "version" : "602.0.0"
      }
    },
    {
      "identity" : "swiftcli",
      "kind" : "remoteSourceControl",
      "location" : "https://github.com/jakeheis/SwiftCLI.git",
      "state" : {
        "revision" : "2e949055d9797c1a6bddcda0e58dada16cc8e970",
        "version" : "6.0.3"
      }
    },
    {
      "identity" : "version",
      "kind" : "remoteSourceControl",
      "location" : "https://github.com/mxcl/Version",
      "state" : {
        "revision" : "67ce582bb9de70e1eb2ee41fd71aad3b5f86d97b",
        "version" : "2.2.0"
      }
    },
    {
      "identity" : "xcodeedit",
      "kind" : "remoteSourceControl",
      "location" : "https://github.com/tomlokhorst/XcodeEdit.git",
      "state" : {
        "revision" : "0e550cdee72844b35431afc3a1e176042be6d0f0",
        "version" : "2.13.0"
      }
    },
    {
      "identity" : "xcodegen",
      "kind" : "remoteSourceControl",
      "location" : "https://github.com/yonaskolb/XcodeGen.git",
      "state" : {
        "revision" : "90dfa9da31eeb3b95153e22f46dce676d9ebaba7",
        "version" : "2.45.3"
      }
    },
    {
      "identity" : "xcodeproj",
      "kind" : "remoteSourceControl",
      "location" : "https://github.com/tuist/XcodeProj.git",
      "state" : {
        "revision" : "01bb77000bc8c23a09ea2058f4954612f03cb705",
        "version" : "9.10.1"
      }
    },
    {
      "identity" : "yams",
      "kind" : "remoteSourceControl",
      "location" : "https://github.com/jpsim/Yams.git",
      "state" : {
        "revision" : "3d6871d5b4a5cd519adf233fbb576e0a2af71c17",
        "version" : "5.4.0"
      }
    }
  ],
  "version" : 3
}
