{
  "originHash" : "11558c230f9f584ff0d4da15c87c0e794121b18ab1302dde6c97e9bf62bd8c17",
  "pins" : [
    {
      "identity" : "factory",
      "kind" : "remoteSourceControl",
      "location" : "https://github.com/hmlongco/Factory.git",
      "state" : {
        "revision" : "8123d8e6aaa999ac6f533ad02539087b8692f1ba",
        "version" : "3.0.2"
      }
    }
  ],
  "version" : 3
}
