{
  "originHash" : "0247cfa76139d44c2d85d5be8ec31f3fa4798d6536918b0d27a5c0713fd6e899",
  "pins" : [
    {
      "identity" : "factory",
      "kind" : "remoteSourceControl",
      "location" : "https://github.com/hmlongco/Factory.git",
      "state" : {
        "revision" : "8123d8e6aaa999ac6f533ad02539087b8692f1ba",
        "version" : "3.0.2"
      }
    }
  ],
  "version" : 3
}
